
Microsoft Visual Studio Solution File, Format Version 12.00
# Visual Studio Version 16
VisualStudioVersion = 16.0.30114.105
MinimumVisualStudioVersion = 10.0.40219.1
Project("{FAE04EC0-301F-11D3-BF4B-00C04F79EFBC}") = "ThreadPoolConsoleApp", "ThreadPoolConsoleApp\ThreadPoolConsoleApp.csproj", "{374F7773-9B01-448E-AF61-60F6032CAB58}"
EndProject
Project("{FAE04EC0-301F-11D3-BF4B-00C04F79EFBC}") = "ThreadPoolProcessingGuardConsoleApp", "ThreadPoolProcessingGuardConsoleApp\ThreadPoolProcessingGuardConsoleApp.csproj", "{79BDE3A4-3158-47B6-B48B-6FA42A0635EF}"
EndProject
Project("{FAE04EC0-301F-11D3-BF4B-00C04F79EFBC}") = "AsyncAwaitConsoleApp", "AsyncAwaitConsoleApp\AsyncAwaitConsoleApp.csproj", "{276D58F4-C33F-4213-A5AE-1C2A279A6144}"
EndProject
Global
	GlobalSection(SolutionConfigurationPlatforms) = preSolution
		Debug|Any CPU = Debug|Any CPU
		Release|Any CPU = Release|Any CPU
	EndGlobalSection
	GlobalSection(SolutionProperties) = preSolution
		HideSolutionNode = FALSE
	EndGlobalSection
	GlobalSection(ProjectConfigurationPlatforms) = postSolution
		{374F7773-9B01-448E-AF61-60F6032CAB58}.Debug|Any CPU.ActiveCfg = Debug|Any CPU
		{374F7773-9B01-448E-AF61-60F6032CAB58}.Debug|Any CPU.Build.0 = Debug|Any CPU
		{374F7773-9B01-448E-AF61-60F6032CAB58}.Release|Any CPU.ActiveCfg = Release|Any CPU
		{374F7773-9B01-448E-AF61-60F6032CAB58}.Release|Any CPU.Build.0 = Release|Any CPU
		{79BDE3A4-3158-47B6-B48B-6FA42A0635EF}.Debug|Any CPU.ActiveCfg = Debug|Any CPU
		{79BDE3A4-3158-47B6-B48B-6FA42A0635EF}.Debug|Any CPU.Build.0 = Debug|Any CPU
		{79BDE3A4-3158-47B6-B48B-6FA42A0635EF}.Release|Any CPU.ActiveCfg = Release|Any CPU
		{79BDE3A4-3158-47B6-B48B-6FA42A0635EF}.Release|Any CPU.Build.0 = Release|Any CPU
		{276D58F4-C33F-4213-A5AE-1C2A279A6144}.Debug|Any CPU.ActiveCfg = Debug|Any CPU
		{276D58F4-C33F-4213-A5AE-1C2A279A6144}.Debug|Any CPU.Build.0 = Debug|Any CPU
		{276D58F4-C33F-4213-A5AE-1C2A279A6144}.Release|Any CPU.ActiveCfg = Release|Any CPU
		{276D58F4-C33F-4213-A5AE-1C2A279A6144}.Release|Any CPU.Build.0 = Release|Any CPU
	EndGlobalSection
EndGlobal
